{
  "name": "create-reaccord-app",
  "version": "0.0.0-dev",
  "lockfileVersion": 3,
  "requires": true,
  "packages": {
    "": {
      "name": "create-reaccord-app",
      "version": "0.0.0-dev",
      "license": "MIT",
      "dependencies": {
        "@astrojs/cli-kit": "^0.4.1",
        "arg": "^5.0.2",
        "giget": "^1.2.3",
        "zx": "^8.0.1"
      },
      "bin": {
        "create-reaccord-app": "create-reaccord-app.mjs"
      },
      "devDependencies": {
        "@types/node": "^20.12.7",
        "@types/uuid": "^9.0.8",
        "typescript": "5.4.5"
      }
    },
    "../../node_modules/.pnpm/@astrojs+cli-kit@0.4.1/node_modules/@astrojs/cli-kit": {
      "version": "0.4.1",
      "license": "MIT",
      "dependencies": {
        "chalk": "^5.0.1",
        "log-update": "^5.0.1",
        "sisteransi": "^1.0.5"
      },
      "devDependencies": {
        "@changesets/cli": "^2.24.4",
        "@types/node": "^18.7.16",
        "typescript": "^5.2.2"
      },
      "engines": {
        "node": ">=18.14.1"
      }
    },
    "../../node_modules/.pnpm/@types+node@20.12.7/node_modules/@types/node": {
      "version": "20.12.7",
      "dev": true,
      "license": "MIT",
      "dependencies": {
        "undici-types": "~5.26.4"
      }
    },
    "../../node_modules/.pnpm/@types+uuid@9.0.8/node_modules/@types/uuid": {
      "version": "9.0.8",
      "dev": true,
      "license": "MIT"
    },
    "../../node_modules/.pnpm/arg@5.0.2/node_modules/arg": {
      "version": "5.0.2",
      "license": "MIT",
      "devDependencies": {
        "chai": "^4.1.1",
        "jest": "^27.0.6",
        "prettier": "^2.3.2"
      }
    },
    "../../node_modules/.pnpm/giget@1.2.3/node_modules/giget": {
      "version": "1.2.3",
      "license": "MIT",
      "dependencies": {
        "citty": "^0.1.6",
        "consola": "^3.2.3",
        "defu": "^6.1.4",
        "node-fetch-native": "^1.6.3",
        "nypm": "^0.3.8",
        "ohash": "^1.1.3",
        "pathe": "^1.1.2",
        "tar": "^6.2.0"
      },
      "bin": {
        "giget": "dist/cli.mjs"
      },
      "devDependencies": {
        "@types/node": "^20.11.30",
        "@types/tar": "^6.1.11",
        "@vitest/coverage-v8": "^1.4.0",
        "changelogen": "^0.5.5",
        "eslint": "^8.57.0",
        "eslint-config-unjs": "^0.2.1",
        "jiti": "^1.21.0",
        "prettier": "^3.2.5",
        "typescript": "^5.4.3",
        "unbuild": "^2.0.0",
        "vitest": "^1.4.0"
      }
    },
    "../../node_modules/.pnpm/typescript@5.4.5/node_modules/typescript": {
      "version": "5.4.5",
      "dev": true,
      "license": "Apache-2.0",
      "bin": {
        "tsc": "bin/tsc",
        "tsserver": "bin/tsserver"
      },
      "devDependencies": {
        "@esfx/canceltoken": "^1.0.0",
        "@octokit/rest": "^20.0.2",
        "@types/chai": "^4.3.11",
        "@types/glob": "^8.1.0",
        "@types/microsoft__typescript-etw": "^0.1.3",
        "@types/minimist": "^1.2.5",
        "@types/mocha": "^10.0.6",
        "@types/ms": "^0.7.34",
        "@types/node": "latest",
        "@types/source-map-support": "^0.5.10",
        "@types/which": "^3.0.3",
        "@typescript-eslint/eslint-plugin": "^6.19.0",
        "@typescript-eslint/parser": "^6.19.0",
        "@typescript-eslint/utils": "^6.19.0",
        "azure-devops-node-api": "^12.3.0",
        "c8": "^9.1.0",
        "chai": "^4.4.1",
        "chalk": "^4.1.2",
        "chokidar": "^3.5.3",
        "diff": "^5.1.0",
        "dprint": "^0.45.0",
        "esbuild": "^0.20.0",
        "eslint": "^8.56.0",
        "eslint-formatter-autolinkable-stylish": "^1.3.0",
        "eslint-plugin-local": "^3.1.0",
        "eslint-plugin-no-null": "^1.0.2",
        "eslint-plugin-simple-import-sort": "^10.0.0",
        "fast-xml-parser": "^4.3.3",
        "glob": "^10.3.10",
        "hereby": "^1.8.9",
        "jsonc-parser": "^3.2.0",
        "minimist": "^1.2.8",
        "mocha": "^10.2.0",
        "mocha-fivemat-progress-reporter": "^0.1.0",
        "ms": "^2.1.3",
        "node-fetch": "^3.3.2",
        "playwright": "^1.41.0",
        "source-map-support": "^0.5.21",
        "tslib": "^2.6.2",
        "typescript": "5.4.0-dev.20240119",
        "which": "^3.0.1"
      },
      "engines": {
        "node": ">=14.17"
      }
    },
    "../../node_modules/.pnpm/zx@8.0.1/node_modules/zx": {
      "version": "8.0.1",
      "license": "Apache-2.0",
      "bin": {
        "zx": "build/cli.js"
      },
      "devDependencies": {
        "@types/fs-extra": "^11.0.4",
        "@types/minimist": "^1.2.5",
        "@types/node": ">=20.11.30",
        "@types/which": "^3.0.3",
        "@webpod/ingrid": "^0.0.0-beta.3",
        "@webpod/ps": "^0.0.0-beta.3",
        "c8": "^9.1.0",
        "chalk": "^5.3.0",
        "depseek": "^0.4.1",
        "dts-bundle-generator": "^9.3.1",
        "esbuild": "^0.20.2",
        "esbuild-node-externals": "^1.13.0",
        "esbuild-plugin-entry-chunks": "^0.1.12",
        "fs-extra": "^11.2.0",
        "fx": "*",
        "globby": "^14.0.1",
        "madge": "^6.1.0",
        "minimist": "^1.2.8",
        "node-fetch-native": "^1.6.4",
        "prettier": "^3.2.5",
        "tsd": "^0.31.0",
        "typescript": "^5.4.4",
        "which": "^4.0.0",
        "yaml": "^2.4.1",
        "zurk": "^0.1.2"
      },
      "engines": {
        "node": ">= 16.0.0"
      },
      "optionalDependencies": {
        "@types/fs-extra": "^11.0.4",
        "@types/node": ">=20.12.5"
      }
    },
    "node_modules/@astrojs/cli-kit": {
      "resolved": "../../node_modules/.pnpm/@astrojs+cli-kit@0.4.1/node_modules/@astrojs/cli-kit",
      "link": true
    },
    "node_modules/@types/node": {
      "resolved": "../../node_modules/.pnpm/@types+node@20.12.7/node_modules/@types/node",
      "link": true
    },
    "node_modules/@types/uuid": {
      "resolved": "../../node_modules/.pnpm/@types+uuid@9.0.8/node_modules/@types/uuid",
      "link": true
    },
    "node_modules/arg": {
      "resolved": "../../node_modules/.pnpm/arg@5.0.2/node_modules/arg",
      "link": true
    },
    "node_modules/giget": {
      "resolved": "../../node_modules/.pnpm/giget@1.2.3/node_modules/giget",
      "link": true
    },
    "node_modules/typescript": {
      "resolved": "../../node_modules/.pnpm/typescript@5.4.5/node_modules/typescript",
      "link": true
    },
    "node_modules/zx": {
      "resolved": "../../node_modules/.pnpm/zx@8.0.1/node_modules/zx",
      "link": true
    }
  }
}
